
Microsoft Visual Studio Solution File, Format Version 12.00
# Visual Studio Version 16
VisualStudioVersion = 16.0.30104.148
MinimumVisualStudioVersion = 10.0.40219.1
Project("{FAE04EC0-301F-11D3-BF4B-00C04F79EFBC}") = "PersistingEnumerableTestst", "PersistingEnumerableTestst\PersistingEnumerableTestst.csproj", "{97542DCB-9DE0-45E5-B0B9-9DD0AEA590DB}"
EndProject
Project("{9A19103F-16F7-4668-BE54-9A1E7A4F7556}") = "PersistingAsyncEnumerable", "..\PersistingAsyncEnumerable\PersistingAsyncEnumerable.csproj", "{60275BAB-29FE-4A37-B0BB-2CF045880130}"
EndProject
Global
	GlobalSection(SolutionConfigurationPlatforms) = preSolution
		Debug|Any CPU = Debug|Any CPU
		Release|Any CPU = Release|Any CPU
	EndGlobalSection
	GlobalSection(ProjectConfigurationPlatforms) = postSolution
		{97542DCB-9DE0-45E5-B0B9-9DD0AEA590DB}.Debug|Any CPU.ActiveCfg = Debug|Any CPU
		{97542DCB-9DE0-45E5-B0B9-9DD0AEA590DB}.Debug|Any CPU.Build.0 = Debug|Any CPU
		{97542DCB-9DE0-45E5-B0B9-9DD0AEA590DB}.Release|Any CPU.ActiveCfg = Release|Any CPU
		{97542DCB-9DE0-45E5-B0B9-9DD0AEA590DB}.Release|Any CPU.Build.0 = Release|Any CPU
		{60275BAB-29FE-4A37-B0BB-2CF045880130}.Debug|Any CPU.ActiveCfg = Debug|Any CPU
		{60275BAB-29FE-4A37-B0BB-2CF045880130}.Debug|Any CPU.Build.0 = Debug|Any CPU
		{60275BAB-29FE-4A37-B0BB-2CF045880130}.Release|Any CPU.ActiveCfg = Release|Any CPU
		{60275BAB-29FE-4A37-B0BB-2CF045880130}.Release|Any CPU.Build.0 = Release|Any CPU
	EndGlobalSection
	GlobalSection(SolutionProperties) = preSolution
		HideSolutionNode = FALSE
	EndGlobalSection
	GlobalSection(ExtensibilityGlobals) = postSolution
		SolutionGuid = {B45A3FFB-B032-47A2-A993-19BE440F3513}
	EndGlobalSection
EndGlobal
